// !$*UTF8*$!
{
	archiveVersion = 1;
	classes = {
	};
	objectVersion = 56;
	objects = {

/* Begin PBXBuildFile section */
		A9EBF3912CA7D979003169CF /* AppDelegate.swift in Sources */ = {isa = PBXBuildFile; fileRef = A9EBF3902CA7D979003169CF /* AppDelegate.swift */; };
		A9EBF3932CA7D979003169CF /* SceneDelegate.swift in Sources */ = {isa = PBXBuildFile; fileRef = A9EBF3922CA7D979003169CF /* SceneDelegate.swift */; };
		A9EBF3952CA7D979003169CF /* ViewController.swift in Sources */ = {isa = PBXBuildFile; fileRef = A9EBF3942CA7D979003169CF /* ViewController.swift */; };
		A9EBF3982CA7D979003169CF /* Base in Resources */ = {isa = PBXBuildFile; fileRef = A9EBF3972CA7D979003169CF /* Base */; };
		A9EBF39A2CA7D97A003169CF /* Assets.xcassets in Resources */ = {isa = PBXBuildFile; fileRef = A9EBF3992CA7D97A003169CF /* Assets.xcassets */; };
		A9EBF39D2CA7D97A003169CF /* Base in Resources */ = {isa = PBXBuildFile; fileRef = A9EBF39C2CA7D97A003169CF /* Base */; };
		A9EBF3AB2CA7DA04003169CF /* UniformTypeIdentifiers.framework in Frameworks */ = {isa = PBXBuildFile; fileRef = A9EBF3AA2CA7DA04003169CF /* UniformTypeIdentifiers.framework */; };
		A9EBF3AE2CA7DA04003169CF /* Media.xcassets in Resources */ = {isa = PBXBuildFile; fileRef = A9EBF3AD2CA7DA04003169CF /* Media.xcassets */; };
		A9EBF3B02CA7DA04003169CF /* ActionViewController.swift in Sources */ = {isa = PBXBuildFile; fileRef = A9EBF3AF2CA7DA04003169CF /* ActionViewController.swift */; };
		A9EBF3B32CA7DA04003169CF /* Base in Resources */ = {isa = PBXBuildFile; fileRef = A9EBF3B22CA7DA04003169CF /* Base */; };
		A9EBF3B72CA7DA04003169CF /* Extensions.appex in Embed Foundation Extensions */ = {isa = PBXBuildFile; fileRef = A9EBF3A82CA7DA04003169CF /* Extensions.appex */; settings = {ATTRIBUTES = (RemoveHeadersOnCopy, ); }; };
		A9EBF3BD2CA819F5003169CF /* Action.js in Resources */ = {isa = PBXBuildFile; fileRef = A9EBF3BC2CA819F5003169CF /* Action.js */; };
/* End PBXBuildFile section */

/* Begin PBXContainerItemProxy section */
		A9EBF3B52CA7DA04003169CF /* PBXContainerItemProxy */ = {
			isa = PBXContainerItemProxy;
			containerPortal = A9EBF3852CA7D978003169CF /* Project object */;
			proxyType = 1;
			remoteGlobalIDString = A9EBF3A72CA7DA04003169CF;
			remoteInfo = Extensions;
		};
/* End PBXContainerItemProxy section */

/* Begin PBXCopyFilesBuildPhase section */
		A9EBF3BB2CA7DA04003169CF /* Embed Foundation Extensions */ = {
			isa = PBXCopyFilesBuildPhase;
			buildActionMask = 2147483647;
			dstPath = "";
			dstSubfolderSpec = 13;
			files = (
				A9EBF3B72CA7DA04003169CF /* Extensions.appex in Embed Foundation Extensions */,
			);
			name = "Embed Foundation Extensions";
			runOnlyForDeploymentPostprocessing = 0;
		};
/* End PBXCopyFilesBuildPhase section */

/* Begin PBXFileReference section */
		A9EBF38D2CA7D979003169CF /* Project19.app */ = {isa = PBXFileReference; explicitFileType = wrapper.application; includeInIndex = 0; path = Project19.app; sourceTree = BUILT_PRODUCTS_DIR; };
		A9EBF3902CA7D979003169CF /* AppDelegate.swift */ = {isa = PBXFileReference; lastKnownFileType = sourcecode.swift; path = AppDelegate.swift; sourceTree = "<group>"; };
		A9EBF3922CA7D979003169CF /* SceneDelegate.swift */ = {isa = PBXFileReference; lastKnownFileType = sourcecode.swift; path = SceneDelegate.swift; sourceTree = "<group>"; };
		A9EBF3942CA7D979003169CF /* ViewController.swift */ = {isa = PBXFileReference; lastKnownFileType = sourcecode.swift; path = ViewController.swift; sourceTree = "<group>"; };
		A9EBF3972CA7D979003169CF /* Base */ = {isa = PBXFileReference; lastKnownFileType = file.storyboard; name = Base; path = Base.lproj/Main.storyboard; sourceTree = "<group>"; };
		A9EBF3992CA7D97A003169CF /* Assets.xcassets */ = {isa = PBXFileReference; lastKnownFileType = folder.assetcatalog; path = Assets.xcassets; sourceTree = "<group>"; };
		A9EBF39C2CA7D97A003169CF /* Base */ = {isa = PBXFileReference; lastKnownFileType = file.storyboard; name = Base; path = Base.lproj/LaunchScreen.storyboard; sourceTree = "<group>"; };
		A9EBF39E2CA7D97A003169CF /* Info.plist */ = {isa = PBXFileReference; lastKnownFileType = text.plist.xml; path = Info.plist; sourceTree = "<group>"; };
		A9EBF3A82CA7DA04003169CF /* Extensions.appex */ = {isa = PBXFileReference; explicitFileType = "wrapper.app-extension"; includeInIndex = 0; path = Extensions.appex; sourceTree = BUILT_PRODUCTS_DIR; };
		A9EBF3AA2CA7DA04003169CF /* UniformTypeIdentifiers.framework */ = {isa = PBXFileReference; lastKnownFileType = wrapper.framework; name = UniformTypeIdentifiers.framework; path = System/Library/Frameworks/UniformTypeIdentifiers.framework; sourceTree = SDKROOT; };
		A9EBF3AD2CA7DA04003169CF /* Media.xcassets */ = {isa = PBXFileReference; lastKnownFileType = folder.assetcatalog; path = Media.xcassets; sourceTree = "<group>"; };
		A9EBF3AF2CA7DA04003169CF /* ActionViewController.swift */ = {isa = PBXFileReference; lastKnownFileType = sourcecode.swift; path = ActionViewController.swift; sourceTree = "<group>"; };
		A9EBF3B22CA7DA04003169CF /* Base */ = {isa = PBXFileReference; lastKnownFileType = file.storyboard; name = Base; path = Base.lproj/MainInterface.storyboard; sourceTree = "<group>"; };
		A9EBF3B42CA7DA04003169CF /* Info.plist */ = {isa = PBXFileReference; lastKnownFileType = text.plist.xml; path = Info.plist; sourceTree = "<group>"; };
		A9EBF3BC2CA819F5003169CF /* Action.js */ = {isa = PBXFileReference; lastKnownFileType = sourcecode.javascript; path = Action.js; sourceTree = "<group>"; };
/* End PBXFileReference section */

/* Begin PBXFrameworksBuildPhase section */
		A9EBF38A2CA7D979003169CF /* Frameworks */ = {
			isa = PBXFrameworksBuildPhase;
			buildActionMask = 2147483647;
			files = (
			);
			runOnlyForDeploymentPostprocessing = 0;
		};
		A9EBF3A52CA7DA04003169CF /* Frameworks */ = {
			isa = PBXFrameworksBuildPhase;
			buildActionMask = 2147483647;
			files = (
				A9EBF3AB2CA7DA04003169CF /* UniformTypeIdentifiers.framework in Frameworks */,
			);
			runOnlyForDeploymentPostprocessing = 0;
		};
/* End PBXFrameworksBuildPhase section */

/* Begin PBXGroup section */
		A9EBF3842CA7D978003169CF = {
			isa = PBXGroup;
			children = (
				A9EBF38F2CA7D979003169CF /* Project19 */,
				A9EBF3AC2CA7DA04003169CF /* Extensions */,
				A9EBF3A92CA7DA04003169CF /* Frameworks */,
				A9EBF38E2CA7D979003169CF /* Products */,
			);
			sourceTree = "<group>";
		};
		A9EBF38E2CA7D979003169CF /* Products */ = {
			isa = PBXGroup;
			children = (
				A9EBF38D2CA7D979003169CF /* Project19.app */,
				A9EBF3A82CA7DA04003169CF /* Extensions.appex */,
			);
			name = Products;
			sourceTree = "<group>";
		};
		A9EBF38F2CA7D979003169CF /* Project19 */ = {
			isa = PBXGroup;
			children = (
				A9EBF3902CA7D979003169CF /* AppDelegate.swift */,
				A9EBF3922CA7D979003169CF /* SceneDelegate.swift */,
				A9EBF3942CA7D979003169CF /* ViewController.swift */,
				A9EBF3962CA7D979003169CF /* Main.storyboard */,
				A9EBF3992CA7D97A003169CF /* Assets.xcassets */,
				A9EBF39B2CA7D97A003169CF /* LaunchScreen.storyboard */,
				A9EBF39E2CA7D97A003169CF /* Info.plist */,
			);
			path = Project19;
			sourceTree = "<group>";
		};
		A9EBF3A92CA7DA04003169CF /* Frameworks */ = {
			isa = PBXGroup;
			children = (
				A9EBF3AA2CA7DA04003169CF /* UniformTypeIdentifiers.framework */,
			);
			name = Frameworks;
			sourceTree = "<group>";
		};
		A9EBF3AC2CA7DA04003169CF /* Extensions */ = {
			isa = PBXGroup;
			children = (
				A9EBF3AD2CA7DA04003169CF /* Media.xcassets */,
				A9EBF3AF2CA7DA04003169CF /* ActionViewController.swift */,
				A9EBF3B12CA7DA04003169CF /* MainInterface.storyboard */,
				A9EBF3B42CA7DA04003169CF /* Info.plist */,
				A9EBF3BC2CA819F5003169CF /* Action.js */,
			);
			path = Extensions;
			sourceTree = "<group>";
		};
/* End PBXGroup section */

/* Begin PBXNativeTarget section */
		A9EBF38C2CA7D979003169CF /* Project19 */ = {
			isa = PBXNativeTarget;
			buildConfigurationList = A9EBF3A12CA7D97A003169CF /* Build configuration list for PBXNativeTarget "Project19" */;
			buildPhases = (
				A9EBF3892CA7D979003169CF /* Sources */,
				A9EBF38A2CA7D979003169CF /* Frameworks */,
				A9EBF38B2CA7D979003169CF /* Resources */,
				A9EBF3BB2CA7DA04003169CF /* Embed Foundation Extensions */,
			);
			buildRules = (
			);
			dependencies = (
				A9EBF3B62CA7DA04003169CF /* PBXTargetDependency */,
			);
			name = Project19;
			productName = Project19;
			productReference = A9EBF38D2CA7D979003169CF /* Project19.app */;
			productType = "com.apple.product-type.application";
		};
		A9EBF3A72CA7DA04003169CF /* Extensions */ = {
			isa = PBXNativeTarget;
			buildConfigurationList = A9EBF3B82CA7DA04003169CF /* Build configuration list for PBXNativeTarget "Extensions" */;
			buildPhases = (
				A9EBF3A42CA7DA04003169CF /* Sources */,
				A9EBF3A52CA7DA04003169CF /* Frameworks */,
				A9EBF3A62CA7DA04003169CF /* Resources */,
			);
			buildRules = (
			);
			dependencies = (
			);
			name = Extensions;
			productName = Extensions;
			productReference = A9EBF3A82CA7DA04003169CF /* Extensions.appex */;
			productType = "com.apple.product-type.app-extension";
		};
/* End PBXNativeTarget section */

/* Begin PBXProject section */
		A9EBF3852CA7D978003169CF /* Project object */ = {
			isa = PBXProject;
			attributes = {
				BuildIndependentTargetsInParallel = 1;
				LastSwiftUpdateCheck = 1530;
				LastUpgradeCheck = 1530;
				TargetAttributes = {
					A9EBF38C2CA7D979003169CF = {
						CreatedOnToolsVersion = 15.3;
					};
					A9EBF3A72CA7DA04003169CF = {
						CreatedOnToolsVersion = 15.3;
					};
				};
			};
			buildConfigurationList = A9EBF3882CA7D978003169CF /* Build configuration list for PBXProject "Project19" */;
			compatibilityVersion = "Xcode 14.0";
			developmentRegion = en;
			hasScannedForEncodings = 0;
			knownRegions = (
				en,
				Base,
			);
			mainGroup = A9EBF3842CA7D978003169CF;
			productRefGroup = A9EBF38E2CA7D979003169CF /* Products */;
			projectDirPath = "";
			projectRoot = "";
			targets = (
				A9EBF38C2CA7D979003169CF /* Project19 */,
				A9EBF3A72CA7DA04003169CF /* Extensions */,
			);
		};
/* End PBXProject section */

/* Begin PBXResourcesBuildPhase section */
		A9EBF38B2CA7D979003169CF /* Resources */ = {
			isa = PBXResourcesBuildPhase;
			buildActionMask = 2147483647;
			files = (
				A9EBF39A2CA7D97A003169CF /* Assets.xcassets in Resources */,
				A9EBF39D2CA7D97A003169CF /* Base in Resources */,
				A9EBF3982CA7D979003169CF /* Base in Resources */,
			);
			runOnlyForDeploymentPostprocessing = 0;
		};
		A9EBF3A62CA7DA04003169CF /* Resources */ = {
			isa = PBXResourcesBuildPhase;
			buildActionMask = 2147483647;
			files = (
				A9EBF3BD2CA819F5003169CF /* Action.js in Resources */,
				A9EBF3AE2CA7DA04003169CF /* Media.xcassets in Resources */,
				A9EBF3B32CA7DA04003169CF /* Base in Resources */,
			);
			runOnlyForDeploymentPostprocessing = 0;
		};
/* End PBXResourcesBuildPhase section */

/* Begin PBXSourcesBuildPhase section */
		A9EBF3892CA7D979003169CF /* Sources */ = {
			isa = PBXSourcesBuildPhase;
			buildActionMask = 2147483647;
			files = (
				A9EBF3952CA7D979003169CF /* ViewController.swift in Sources */,
				A9EBF3912CA7D979003169CF /* AppDelegate.swift in Sources */,
				A9EBF3932CA7D979003169CF /* SceneDelegate.swift in Sources */,
			);
			runOnlyForDeploymentPostprocessing = 0;
		};
		A9EBF3A42CA7DA04003169CF /* Sources */ = {
			isa = PBXSourcesBuildPhase;
			buildActionMask = 2147483647;
			files = (
				A9EBF3B02CA7DA04003169CF /* ActionViewController.swift in Sources */,
			);
			runOnlyForDeploymentPostprocessing = 0;
		};
/* End PBXSourcesBuildPhase section */

/* Begin PBXTargetDependency section */
		A9EBF3B62CA7DA04003169CF /* PBXTargetDependency */ = {
			isa = PBXTargetDependency;
			target = A9EBF3A72CA7DA04003169CF /* Extensions */;
			targetProxy = A9EBF3B52CA7DA04003169CF /* PBXContainerItemProxy */;
		};
/* End PBXTargetDependency section */

/* Begin PBXVariantGroup section */
		A9EBF3962CA7D979003169CF /* Main.storyboard */ = {
			isa = PBXVariantGroup;
			children = (
				A9EBF3972CA7D979003169CF /* Base */,
			);
			name = Main.storyboard;
			sourceTree = "<group>";
		};
		A9EBF39B2CA7D97A003169CF /* LaunchScreen.storyboard */ = {
			isa = PBXVariantGroup;
			children = (
				A9EBF39C2CA7D97A003169CF /* Base */,
			);
			name = LaunchScreen.storyboard;
			sourceTree = "<group>";
		};
		A9EBF3B12CA7DA04003169CF /* MainInterface.storyboard */ = {
			isa = PBXVariantGroup;
			children = (
				A9EBF3B22CA7DA04003169CF /* Base */,
			);
			name = MainInterface.storyboard;
			sourceTree = "<group>";
		};
/* End PBXVariantGroup section */

/* Begin XCBuildConfiguration section */
		A9EBF39F2CA7D97A003169CF /* Debug */ = {
			isa = XCBuildConfiguration;
			buildSettings = {
				ALWAYS_SEARCH_USER_PATHS = NO;
				ASSETCATALOG_COMPILER_GENERATE_SWIFT_ASSET_SYMBOL_EXTENSIONS = YES;
				CLANG_ANALYZER_NONNULL = YES;
				CLANG_ANALYZER_NUMBER_OBJECT_CONVERSION = YES_AGGRESSIVE;
				CLANG_CXX_LANGUAGE_STANDARD = "gnu++20";
				CLANG_ENABLE_MODULES = YES;
				CLANG_ENABLE_OBJC_ARC = YES;
				CLANG_ENABLE_OBJC_WEAK = YES;
				CLANG_WARN_BLOCK_CAPTURE_AUTORELEASING = YES;
				CLANG_WARN_BOOL_CONVERSION = YES;
				CLANG_WARN_COMMA = YES;
				CLANG_WARN_CONSTANT_CONVERSION = YES;
				CLANG_WARN_DEPRECATED_OBJC_IMPLEMENTATIONS = YES;
				CLANG_WARN_DIRECT_OBJC_ISA_USAGE = YES_ERROR;
				CLANG_WARN_DOCUMENTATION_COMMENTS = YES;
				CLANG_WARN_EMPTY_BODY = YES;
				CLANG_WARN_ENUM_CONVERSION = YES;
				CLANG_WARN_INFINITE_RECURSION = YES;
				CLANG_WARN_INT_CONVERSION = YES;
				CLANG_WARN_NON_LITERAL_NULL_CONVERSION = YES;
				CLANG_WARN_OBJC_IMPLICIT_RETAIN_SELF = YES;
				CLANG_WARN_OBJC_LITERAL_CONVERSION = YES;
				CLANG_WARN_OBJC_ROOT_CLASS = YES_ERROR;
				CLANG_WARN_QUOTED_INCLUDE_IN_FRAMEWORK_HEADER = YES;
				CLANG_WARN_RANGE_LOOP_ANALYSIS = YES;
				CLANG_WARN_STRICT_PROTOTYPES = YES;
				CLANG_WARN_SUSPICIOUS_MOVE = YES;
				CLANG_WARN_UNGUARDED_AVAILABILITY = YES_AGGRESSIVE;
				CLANG_WARN_UNREACHABLE_CODE = YES;
				CLANG_WARN__DUPLICATE_METHOD_MATCH = YES;
				COPY_PHASE_STRIP = NO;
				DEBUG_INFORMATION_FORMAT = dwarf;
				ENABLE_STRICT_OBJC_MSGSEND = YES;
				ENABLE_TESTABILITY = YES;
				ENABLE_USER_SCRIPT_SANDBOXING = YES;
				GCC_C_LANGUAGE_STANDARD = gnu17;
				GCC_DYNAMIC_NO_PIC = NO;
				GCC_NO_COMMON_BLOCKS = YES;
				GCC_OPTIMIZATION_LEVEL = 0;
				GCC_PREPROCESSOR_DEFINITIONS = (
					"DEBUG=1",
					"$(inherited)",
				);
				GCC_WARN_64_TO_32_BIT_CONVERSION = YES;
				GCC_WARN_ABOUT_RETURN_TYPE = YES_ERROR;
				GCC_WARN_UNDECLARED_SELECTOR = YES;
				GCC_WARN_UNINITIALIZED_AUTOS = YES_AGGRESSIVE;
				GCC_WARN_UNUSED_FUNCTION = YES;
				GCC_WARN_UNUSED_VARIABLE = YES;
				IPHONEOS_DEPLOYMENT_TARGET = 17.4;
				LOCALIZATION_PREFERS_STRING_CATALOGS = YES;
				MTL_ENABLE_DEBUG_INFO = INCLUDE_SOURCE;
				MTL_FAST_MATH = YES;
				ONLY_ACTIVE_ARCH = YES;
				SDKROOT = iphoneos;
				SWIFT_ACTIVE_COMPILATION_CONDITIONS = "DEBUG $(inherited)";
				SWIFT_OPTIMIZATION_LEVEL = "-Onone";
			};
			name = Debug;
		};
		A9EBF3A02CA7D97A003169CF /* Release */ = {
			isa = XCBuildConfiguration;
			buildSettings = {
				ALWAYS_SEARCH_USER_PATHS = NO;
				ASSETCATALOG_COMPILER_GENERATE_SWIFT_ASSET_SYMBOL_EXTENSIONS = YES;
				CLANG_ANALYZER_NONNULL = YES;
				CLANG_ANALYZER_NUMBER_OBJECT_CONVERSION = YES_AGGRESSIVE;
				CLANG_CXX_LANGUAGE_STANDARD = "gnu++20";
				CLANG_ENABLE_MODULES = YES;
				CLANG_ENABLE_OBJC_ARC = YES;
				CLANG_ENABLE_OBJC_WEAK = YES;
				CLANG_WARN_BLOCK_CAPTURE_AUTORELEASING = YES;
				CLANG_WARN_BOOL_CONVERSION = YES;
				CLANG_WARN_COMMA = YES;
				CLANG_WARN_CONSTANT_CONVERSION = YES;
				CLANG_WARN_DEPRECATED_OBJC_IMPLEMENTATIONS = YES;
				CLANG_WARN_DIRECT_OBJC_ISA_USAGE = YES_ERROR;
				CLANG_WARN_DOCUMENTATION_COMMENTS = YES;
				CLANG_WARN_EMPTY_BODY = YES;
				CLANG_WARN_ENUM_CONVERSION = YES;
				CLANG_WARN_INFINITE_RECURSION = YES;
				CLANG_WARN_INT_CONVERSION = YES;
				CLANG_WARN_NON_LITERAL_NULL_CONVERSION = YES;
				CLANG_WARN_OBJC_IMPLICIT_RETAIN_SELF = YES;
				CLANG_WARN_OBJC_LITERAL_CONVERSION = YES;
				CLANG_WARN_OBJC_ROOT_CLASS = YES_ERROR;
				CLANG_WARN_QUOTED_INCLUDE_IN_FRAMEWORK_HEADER = YES;
				CLANG_WARN_RANGE_LOOP_ANALYSIS = YES;
				CLANG_WARN_STRICT_PROTOTYPES = YES;
				CLANG_WARN_SUSPICIOUS_MOVE = YES;
				CLANG_WARN_UNGUARDED_AVAILABILITY = YES_AGGRESSIVE;
				CLANG_WARN_UNREACHABLE_CODE = YES;
				CLANG_WARN__DUPLICATE_METHOD_MATCH = YES;
				COPY_PHASE_STRIP = NO;
				DEBUG_INFORMATION_FORMAT = "dwarf-with-dsym";
				ENABLE_NS_ASSERTIONS = NO;
				ENABLE_STRICT_OBJC_MSGSEND = YES;
				ENABLE_USER_SCRIPT_SANDBOXING = YES;
				GCC_C_LANGUAGE_STANDARD = gnu17;
				GCC_NO_COMMON_BLOCKS = YES;
				GCC_WARN_64_TO_32_BIT_CONVERSION = YES;
				GCC_WARN_ABOUT_RETURN_TYPE = YES_ERROR;
				GCC_WARN_UNDECLARED_SELECTOR = YES;
				GCC_WARN_UNINITIALIZED_AUTOS = YES_AGGRESSIVE;
				GCC_WARN_UNUSED_FUNCTION = YES;
				GCC_WARN_UNUSED_VARIABLE = YES;
				IPHONEOS_DEPLOYMENT_TARGET = 17.4;
				LOCALIZATION_PREFERS_STRING_CATALOGS = YES;
				MTL_ENABLE_DEBUG_INFO = NO;
				MTL_FAST_MATH = YES;
				SDKROOT = iphoneos;
				SWIFT_COMPILATION_MODE = wholemodule;
				VALIDATE_PRODUCT = YES;
			};
			name = Release;
		};
		A9EBF3A22CA7D97A003169CF /* Debug */ = {
			isa = XCBuildConfiguration;
			buildSettings = {
				ALWAYS_EMBED_SWIFT_STANDARD_LIBRARIES = YES;
				ASSETCATALOG_COMPILER_APPICON_NAME = AppIcon;
				ASSETCATALOG_COMPILER_GLOBAL_ACCENT_COLOR_NAME = AccentColor;
				CODE_SIGN_STYLE = Automatic;
				CURRENT_PROJECT_VERSION = 1;
				DEVELOPMENT_TEAM = 9PG63NVD7U;
				GENERATE_INFOPLIST_FILE = YES;
				INFOPLIST_FILE = Project19/Info.plist;
				INFOPLIST_KEY_UIApplicationSupportsIndirectInputEvents = YES;
				INFOPLIST_KEY_UILaunchStoryboardName = LaunchScreen;
				INFOPLIST_KEY_UIMainStoryboardFile = Main;
				INFOPLIST_KEY_UISupportedInterfaceOrientations_iPad = "UIInterfaceOrientationPortrait UIInterfaceOrientationPortraitUpsideDown UIInterfaceOrientationLandscapeLeft UIInterfaceOrientationLandscapeRight";
				INFOPLIST_KEY_UISupportedInterfaceOrientations_iPhone = "UIInterfaceOrientationPortrait UIInterfaceOrientationLandscapeLeft UIInterfaceOrientationLandscapeRight";
				LD_RUNPATH_SEARCH_PATHS = (
					"$(inherited)",
					"@executable_path/Frameworks",
				);
				MARKETING_VERSION = 1.0;
				PRODUCT_BUNDLE_IDENTIFIER = com.meitarbass.Project19;
				PRODUCT_NAME = "$(TARGET_NAME)";
				SWIFT_EMIT_LOC_STRINGS = YES;
				SWIFT_VERSION = 5.0;
				TARGETED_DEVICE_FAMILY = "1,2";
			};
			name = Debug;
		};
		A9EBF3A32CA7D97A003169CF /* Release */ = {
			isa = XCBuildConfiguration;
			buildSettings = {
				ALWAYS_EMBED_SWIFT_STANDARD_LIBRARIES = YES;
				ASSETCATALOG_COMPILER_APPICON_NAME = AppIcon;
				ASSETCATALOG_COMPILER_GLOBAL_ACCENT_COLOR_NAME = AccentColor;
				CODE_SIGN_STYLE = Automatic;
				CURRENT_PROJECT_VERSION = 1;
				DEVELOPMENT_TEAM = 9PG63NVD7U;
				GENERATE_INFOPLIST_FILE = YES;
				INFOPLIST_FILE = Project19/Info.plist;
				INFOPLIST_KEY_UIApplicationSupportsIndirectInputEvents = YES;
				INFOPLIST_KEY_UILaunchStoryboardName = LaunchScreen;
				INFOPLIST_KEY_UIMainStoryboardFile = Main;
				INFOPLIST_KEY_UISupportedInterfaceOrientations_iPad = "UIInterfaceOrientationPortrait UIInterfaceOrientationPortraitUpsideDown UIInterfaceOrientationLandscapeLeft UIInterfaceOrientationLandscapeRight";
				INFOPLIST_KEY_UISupportedInterfaceOrientations_iPhone = "UIInterfaceOrientationPortrait UIInterfaceOrientationLandscapeLeft UIInterfaceOrientationLandscapeRight";
				LD_RUNPATH_SEARCH_PATHS = (
					"$(inherited)",
					"@executable_path/Frameworks",
				);
				MARKETING_VERSION = 1.0;
				PRODUCT_BUNDLE_IDENTIFIER = com.meitarbass.Project19;
				PRODUCT_NAME = "$(TARGET_NAME)";
				SWIFT_EMIT_LOC_STRINGS = YES;
				SWIFT_VERSION = 5.0;
				TARGETED_DEVICE_FAMILY = "1,2";
			};
			name = Release;
		};
		A9EBF3B92CA7DA04003169CF /* Debug */ = {
			isa = XCBuildConfiguration;
			buildSettings = {
				CODE_SIGN_STYLE = Automatic;
				CURRENT_PROJECT_VERSION = 1;
				DEVELOPMENT_TEAM = 9PG63NVD7U;
				GENERATE_INFOPLIST_FILE = YES;
				INFOPLIST_FILE = Extensions/Info.plist;
				INFOPLIST_KEY_CFBundleDisplayName = Extensions;
				INFOPLIST_KEY_NSHumanReadableCopyright = "";
				LD_RUNPATH_SEARCH_PATHS = (
					"$(inherited)",
					"@executable_path/Frameworks",
					"@executable_path/../../Frameworks",
				);
				MARKETING_VERSION = 1.0;
				PRODUCT_BUNDLE_IDENTIFIER = com.meitarbass.Project19.Extensions;
				PRODUCT_NAME = "$(TARGET_NAME)";
				SKIP_INSTALL = YES;
				SWIFT_EMIT_LOC_STRINGS = YES;
				SWIFT_VERSION = 5.0;
				TARGETED_DEVICE_FAMILY = "1,2";
			};
			name = Debug;
		};
		A9EBF3BA2CA7DA04003169CF /* Release */ = {
			isa = XCBuildConfiguration;
			buildSettings = {
				CODE_SIGN_STYLE = Automatic;
				CURRENT_PROJECT_VERSION = 1;
				DEVELOPMENT_TEAM = 9PG63NVD7U;
				GENERATE_INFOPLIST_FILE = YES;
				INFOPLIST_FILE = Extensions/Info.plist;
				INFOPLIST_KEY_CFBundleDisplayName = Extensions;
				INFOPLIST_KEY_NSHumanReadableCopyright = "";
				LD_RUNPATH_SEARCH_PATHS = (
					"$(inherited)",
					"@executable_path/Frameworks",
					"@executable_path/../../Frameworks",
				);
				MARKETING_VERSION = 1.0;
				PRODUCT_BUNDLE_IDENTIFIER = com.meitarbass.Project19.Extensions;
				PRODUCT_NAME = "$(TARGET_NAME)";
				SKIP_INSTALL = YES;
				SWIFT_EMIT_LOC_STRINGS = YES;
				SWIFT_VERSION = 5.0;
				TARGETED_DEVICE_FAMILY = "1,2";
			};
			name = Release;
		};
/* End XCBuildConfiguration section */

/* Begin XCConfigurationList section */
		A9EBF3882CA7D978003169CF /* Build configuration list for PBXProject "Project19" */ = {
			isa = XCConfigurationList;
			buildConfigurations = (
				A9EBF39F2CA7D97A003169CF /* Debug */,
				A9EBF3A02CA7D97A003169CF /* Release */,
			);
			defaultConfigurationIsVisible = 0;
			defaultConfigurationName = Release;
		};
		A9EBF3A12CA7D97A003169CF /* Build configuration list for PBXNativeTarget "Project19" */ = {
			isa = XCConfigurationList;
			buildConfigurations = (
				A9EBF3A22CA7D97A003169CF /* Debug */,
				A9EBF3A32CA7D97A003169CF /* Release */,
			);
			defaultConfigurationIsVisible = 0;
			defaultConfigurationName = Release;
		};
		A9EBF3B82CA7DA04003169CF /* Build configuration list for PBXNativeTarget "Extensions" */ = {
			isa = XCConfigurationList;
			buildConfigurations = (
				A9EBF3B92CA7DA04003169CF /* Debug */,
				A9EBF3BA2CA7DA04003169CF /* Release */,
			);
			defaultConfigurationIsVisible = 0;
			defaultConfigurationName = Release;
		};
/* End XCConfigurationList section */
	};
	rootObject = A9EBF3852CA7D978003169CF /* Project object */;
}
