// !$*UTF8*$!
{
	archiveVersion = 1;
	classes = {
	};
	objectVersion = 56;
	objects = {

/* Begin PBXBuildFile section */
		A94572732CA536A1006C38CD /* AppDelegate.swift in Sources */ = {isa = PBXBuildFile; fileRef = A94572722CA536A1006C38CD /* AppDelegate.swift */; };
		A94572752CA536A1006C38CD /* SceneDelegate.swift in Sources */ = {isa = PBXBuildFile; fileRef = A94572742CA536A1006C38CD /* SceneDelegate.swift */; };
		A94572772CA536A1006C38CD /* ViewController.swift in Sources */ = {isa = PBXBuildFile; fileRef = A94572762CA536A1006C38CD /* ViewController.swift */; };
		A945727A2CA536A1006C38CD /* Base in Resources */ = {isa = PBXBuildFile; fileRef = A94572792CA536A1006C38CD /* Base */; };
		A945727C2CA536A2006C38CD /* Assets.xcassets in Resources */ = {isa = PBXBuildFile; fileRef = A945727B2CA536A2006C38CD /* Assets.xcassets */; };
		A945727F2CA536A2006C38CD /* Base in Resources */ = {isa = PBXBuildFile; fileRef = A945727E2CA536A2006C38CD /* Base */; };
		A94572872CA53766006C38CD /* Country.swift in Sources */ = {isa = PBXBuildFile; fileRef = A94572862CA53766006C38CD /* Country.swift */; };
		A94572892CA537A7006C38CD /* Countries.swift in Sources */ = {isa = PBXBuildFile; fileRef = A94572882CA537A7006C38CD /* Countries.swift */; };
		A945728B2CA5398F006C38CD /* countries.json in Resources */ = {isa = PBXBuildFile; fileRef = A945728A2CA5398F006C38CD /* countries.json */; };
		A945728D2CA54E7A006C38CD /* CountryDetailViewController.swift in Sources */ = {isa = PBXBuildFile; fileRef = A945728C2CA54E7A006C38CD /* CountryDetailViewController.swift */; };
/* End PBXBuildFile section */

/* Begin PBXFileReference section */
		A945726F2CA536A1006C38CD /* Milestone-Projects-13-15.app */ = {isa = PBXFileReference; explicitFileType = wrapper.application; includeInIndex = 0; path = "Milestone-Projects-13-15.app"; sourceTree = BUILT_PRODUCTS_DIR; };
		A94572722CA536A1006C38CD /* AppDelegate.swift */ = {isa = PBXFileReference; lastKnownFileType = sourcecode.swift; path = AppDelegate.swift; sourceTree = "<group>"; };
		A94572742CA536A1006C38CD /* SceneDelegate.swift */ = {isa = PBXFileReference; lastKnownFileType = sourcecode.swift; path = SceneDelegate.swift; sourceTree = "<group>"; };
		A94572762CA536A1006C38CD /* ViewController.swift */ = {isa = PBXFileReference; lastKnownFileType = sourcecode.swift; path = ViewController.swift; sourceTree = "<group>"; };
		A94572792CA536A1006C38CD /* Base */ = {isa = PBXFileReference; lastKnownFileType = file.storyboard; name = Base; path = Base.lproj/Main.storyboard; sourceTree = "<group>"; };
		A945727B2CA536A2006C38CD /* Assets.xcassets */ = {isa = PBXFileReference; lastKnownFileType = folder.assetcatalog; path = Assets.xcassets; sourceTree = "<group>"; };
		A945727E2CA536A2006C38CD /* Base */ = {isa = PBXFileReference; lastKnownFileType = file.storyboard; name = Base; path = Base.lproj/LaunchScreen.storyboard; sourceTree = "<group>"; };
		A94572802CA536A2006C38CD /* Info.plist */ = {isa = PBXFileReference; lastKnownFileType = text.plist.xml; path = Info.plist; sourceTree = "<group>"; };
		A94572862CA53766006C38CD /* Country.swift */ = {isa = PBXFileReference; lastKnownFileType = sourcecode.swift; path = Country.swift; sourceTree = "<group>"; };
		A94572882CA537A7006C38CD /* Countries.swift */ = {isa = PBXFileReference; lastKnownFileType = sourcecode.swift; path = Countries.swift; sourceTree = "<group>"; };
		A945728A2CA5398F006C38CD /* countries.json */ = {isa = PBXFileReference; fileEncoding = 4; lastKnownFileType = text.json; path = countries.json; sourceTree = "<group>"; };
		A945728C2CA54E7A006C38CD /* CountryDetailViewController.swift */ = {isa = PBXFileReference; lastKnownFileType = sourcecode.swift; path = CountryDetailViewController.swift; sourceTree = "<group>"; };
/* End PBXFileReference section */

/* Begin PBXFrameworksBuildPhase section */
		A945726C2CA536A1006C38CD /* Frameworks */ = {
			isa = PBXFrameworksBuildPhase;
			buildActionMask = 2147483647;
			files = (
			);
			runOnlyForDeploymentPostprocessing = 0;
		};
/* End PBXFrameworksBuildPhase section */

/* Begin PBXGroup section */
		A94572662CA536A1006C38CD = {
			isa = PBXGroup;
			children = (
				A94572712CA536A1006C38CD /* Milestone-Projects-13-15 */,
				A94572702CA536A1006C38CD /* Products */,
			);
			sourceTree = "<group>";
		};
		A94572702CA536A1006C38CD /* Products */ = {
			isa = PBXGroup;
			children = (
				A945726F2CA536A1006C38CD /* Milestone-Projects-13-15.app */,
			);
			name = Products;
			sourceTree = "<group>";
		};
		A94572712CA536A1006C38CD /* Milestone-Projects-13-15 */ = {
			isa = PBXGroup;
			children = (
				A945728A2CA5398F006C38CD /* countries.json */,
				A94572722CA536A1006C38CD /* AppDelegate.swift */,
				A94572742CA536A1006C38CD /* SceneDelegate.swift */,
				A94572762CA536A1006C38CD /* ViewController.swift */,
				A94572782CA536A1006C38CD /* Main.storyboard */,
				A945727B2CA536A2006C38CD /* Assets.xcassets */,
				A945727D2CA536A2006C38CD /* LaunchScreen.storyboard */,
				A94572802CA536A2006C38CD /* Info.plist */,
				A94572862CA53766006C38CD /* Country.swift */,
				A94572882CA537A7006C38CD /* Countries.swift */,
				A945728C2CA54E7A006C38CD /* CountryDetailViewController.swift */,
			);
			path = "Milestone-Projects-13-15";
			sourceTree = "<group>";
		};
/* End PBXGroup section */

/* Begin PBXNativeTarget section */
		A945726E2CA536A1006C38CD /* Milestone-Projects-13-15 */ = {
			isa = PBXNativeTarget;
			buildConfigurationList = A94572832CA536A2006C38CD /* Build configuration list for PBXNativeTarget "Milestone-Projects-13-15" */;
			buildPhases = (
				A945726B2CA536A1006C38CD /* Sources */,
				A945726C2CA536A1006C38CD /* Frameworks */,
				A945726D2CA536A1006C38CD /* Resources */,
			);
			buildRules = (
			);
			dependencies = (
			);
			name = "Milestone-Projects-13-15";
			productName = "Milestone-Projects-13-15";
			productReference = A945726F2CA536A1006C38CD /* Milestone-Projects-13-15.app */;
			productType = "com.apple.product-type.application";
		};
/* End PBXNativeTarget section */

/* Begin PBXProject section */
		A94572672CA536A1006C38CD /* Project object */ = {
			isa = PBXProject;
			attributes = {
				BuildIndependentTargetsInParallel = 1;
				LastSwiftUpdateCheck = 1530;
				LastUpgradeCheck = 1530;
				TargetAttributes = {
					A945726E2CA536A1006C38CD = {
						CreatedOnToolsVersion = 15.3;
					};
				};
			};
			buildConfigurationList = A945726A2CA536A1006C38CD /* Build configuration list for PBXProject "Milestone-Projects-13-15" */;
			compatibilityVersion = "Xcode 14.0";
			developmentRegion = en;
			hasScannedForEncodings = 0;
			knownRegions = (
				en,
				Base,
			);
			mainGroup = A94572662CA536A1006C38CD;
			productRefGroup = A94572702CA536A1006C38CD /* Products */;
			projectDirPath = "";
			projectRoot = "";
			targets = (
				A945726E2CA536A1006C38CD /* Milestone-Projects-13-15 */,
			);
		};
/* End PBXProject section */

/* Begin PBXResourcesBuildPhase section */
		A945726D2CA536A1006C38CD /* Resources */ = {
			isa = PBXResourcesBuildPhase;
			buildActionMask = 2147483647;
			files = (
				A945727C2CA536A2006C38CD /* Assets.xcassets in Resources */,
				A945727F2CA536A2006C38CD /* Base in Resources */,
				A945728B2CA5398F006C38CD /* countries.json in Resources */,
				A945727A2CA536A1006C38CD /* Base in Resources */,
			);
			runOnlyForDeploymentPostprocessing = 0;
		};
/* End PBXResourcesBuildPhase section */

/* Begin PBXSourcesBuildPhase section */
		A945726B2CA536A1006C38CD /* Sources */ = {
			isa = PBXSourcesBuildPhase;
			buildActionMask = 2147483647;
			files = (
				A945728D2CA54E7A006C38CD /* CountryDetailViewController.swift in Sources */,
				A94572872CA53766006C38CD /* Country.swift in Sources */,
				A94572772CA536A1006C38CD /* ViewController.swift in Sources */,
				A94572732CA536A1006C38CD /* AppDelegate.swift in Sources */,
				A94572892CA537A7006C38CD /* Countries.swift in Sources */,
				A94572752CA536A1006C38CD /* SceneDelegate.swift in Sources */,
			);
			runOnlyForDeploymentPostprocessing = 0;
		};
/* End PBXSourcesBuildPhase section */

/* Begin PBXVariantGroup section */
		A94572782CA536A1006C38CD /* Main.storyboard */ = {
			isa = PBXVariantGroup;
			children = (
				A94572792CA536A1006C38CD /* Base */,
			);
			name = Main.storyboard;
			sourceTree = "<group>";
		};
		A945727D2CA536A2006C38CD /* LaunchScreen.storyboard */ = {
			isa = PBXVariantGroup;
			children = (
				A945727E2CA536A2006C38CD /* Base */,
			);
			name = LaunchScreen.storyboard;
			sourceTree = "<group>";
		};
/* End PBXVariantGroup section */

/* Begin XCBuildConfiguration section */
		A94572812CA536A2006C38CD /* Debug */ = {
			isa = XCBuildConfiguration;
			buildSettings = {
				ALWAYS_SEARCH_USER_PATHS = NO;
				ASSETCATALOG_COMPILER_GENERATE_SWIFT_ASSET_SYMBOL_EXTENSIONS = YES;
				CLANG_ANALYZER_NONNULL = YES;
				CLANG_ANALYZER_NUMBER_OBJECT_CONVERSION = YES_AGGRESSIVE;
				CLANG_CXX_LANGUAGE_STANDARD = "gnu++20";
				CLANG_ENABLE_MODULES = YES;
				CLANG_ENABLE_OBJC_ARC = YES;
				CLANG_ENABLE_OBJC_WEAK = YES;
				CLANG_WARN_BLOCK_CAPTURE_AUTORELEASING = YES;
				CLANG_WARN_BOOL_CONVERSION = YES;
				CLANG_WARN_COMMA = YES;
				CLANG_WARN_CONSTANT_CONVERSION = YES;
				CLANG_WARN_DEPRECATED_OBJC_IMPLEMENTATIONS = YES;
				CLANG_WARN_DIRECT_OBJC_ISA_USAGE = YES_ERROR;
				CLANG_WARN_DOCUMENTATION_COMMENTS = YES;
				CLANG_WARN_EMPTY_BODY = YES;
				CLANG_WARN_ENUM_CONVERSION = YES;
				CLANG_WARN_INFINITE_RECURSION = YES;
				CLANG_WARN_INT_CONVERSION = YES;
				CLANG_WARN_NON_LITERAL_NULL_CONVERSION = YES;
				CLANG_WARN_OBJC_IMPLICIT_RETAIN_SELF = YES;
				CLANG_WARN_OBJC_LITERAL_CONVERSION = YES;
				CLANG_WARN_OBJC_ROOT_CLASS = YES_ERROR;
				CLANG_WARN_QUOTED_INCLUDE_IN_FRAMEWORK_HEADER = YES;
				CLANG_WARN_RANGE_LOOP_ANALYSIS = YES;
				CLANG_WARN_STRICT_PROTOTYPES = YES;
				CLANG_WARN_SUSPICIOUS_MOVE = YES;
				CLANG_WARN_UNGUARDED_AVAILABILITY = YES_AGGRESSIVE;
				CLANG_WARN_UNREACHABLE_CODE = YES;
				CLANG_WARN__DUPLICATE_METHOD_MATCH = YES;
				COPY_PHASE_STRIP = NO;
				DEBUG_INFORMATION_FORMAT = dwarf;
				ENABLE_STRICT_OBJC_MSGSEND = YES;
				ENABLE_TESTABILITY = YES;
				ENABLE_USER_SCRIPT_SANDBOXING = YES;
				GCC_C_LANGUAGE_STANDARD = gnu17;
				GCC_DYNAMIC_NO_PIC = NO;
				GCC_NO_COMMON_BLOCKS = YES;
				GCC_OPTIMIZATION_LEVEL = 0;
				GCC_PREPROCESSOR_DEFINITIONS = (
					"DEBUG=1",
					"$(inherited)",
				);
				GCC_WARN_64_TO_32_BIT_CONVERSION = YES;
				GCC_WARN_ABOUT_RETURN_TYPE = YES_ERROR;
				GCC_WARN_UNDECLARED_SELECTOR = YES;
				GCC_WARN_UNINITIALIZED_AUTOS = YES_AGGRESSIVE;
				GCC_WARN_UNUSED_FUNCTION = YES;
				GCC_WARN_UNUSED_VARIABLE = YES;
				IPHONEOS_DEPLOYMENT_TARGET = 17.4;
				LOCALIZATION_PREFERS_STRING_CATALOGS = YES;
				MTL_ENABLE_DEBUG_INFO = INCLUDE_SOURCE;
				MTL_FAST_MATH = YES;
				ONLY_ACTIVE_ARCH = YES;
				SDKROOT = iphoneos;
				SWIFT_ACTIVE_COMPILATION_CONDITIONS = "DEBUG $(inherited)";
				SWIFT_OPTIMIZATION_LEVEL = "-Onone";
			};
			name = Debug;
		};
		A94572822CA536A2006C38CD /* Release */ = {
			isa = XCBuildConfiguration;
			buildSettings = {
				ALWAYS_SEARCH_USER_PATHS = NO;
				ASSETCATALOG_COMPILER_GENERATE_SWIFT_ASSET_SYMBOL_EXTENSIONS = YES;
				CLANG_ANALYZER_NONNULL = YES;
				CLANG_ANALYZER_NUMBER_OBJECT_CONVERSION = YES_AGGRESSIVE;
				CLANG_CXX_LANGUAGE_STANDARD = "gnu++20";
				CLANG_ENABLE_MODULES = YES;
				CLANG_ENABLE_OBJC_ARC = YES;
				CLANG_ENABLE_OBJC_WEAK = YES;
				CLANG_WARN_BLOCK_CAPTURE_AUTORELEASING = YES;
				CLANG_WARN_BOOL_CONVERSION = YES;
				CLANG_WARN_COMMA = YES;
				CLANG_WARN_CONSTANT_CONVERSION = YES;
				CLANG_WARN_DEPRECATED_OBJC_IMPLEMENTATIONS = YES;
				CLANG_WARN_DIRECT_OBJC_ISA_USAGE = YES_ERROR;
				CLANG_WARN_DOCUMENTATION_COMMENTS = YES;
				CLANG_WARN_EMPTY_BODY = YES;
				CLANG_WARN_ENUM_CONVERSION = YES;
				CLANG_WARN_INFINITE_RECURSION = YES;
				CLANG_WARN_INT_CONVERSION = YES;
				CLANG_WARN_NON_LITERAL_NULL_CONVERSION = YES;
				CLANG_WARN_OBJC_IMPLICIT_RETAIN_SELF = YES;
				CLANG_WARN_OBJC_LITERAL_CONVERSION = YES;
				CLANG_WARN_OBJC_ROOT_CLASS = YES_ERROR;
				CLANG_WARN_QUOTED_INCLUDE_IN_FRAMEWORK_HEADER = YES;
				CLANG_WARN_RANGE_LOOP_ANALYSIS = YES;
				CLANG_WARN_STRICT_PROTOTYPES = YES;
				CLANG_WARN_SUSPICIOUS_MOVE = YES;
				CLANG_WARN_UNGUARDED_AVAILABILITY = YES_AGGRESSIVE;
				CLANG_WARN_UNREACHABLE_CODE = YES;
				CLANG_WARN__DUPLICATE_METHOD_MATCH = YES;
				COPY_PHASE_STRIP = NO;
				DEBUG_INFORMATION_FORMAT = "dwarf-with-dsym";
				ENABLE_NS_ASSERTIONS = NO;
				ENABLE_STRICT_OBJC_MSGSEND = YES;
				ENABLE_USER_SCRIPT_SANDBOXING = YES;
				GCC_C_LANGUAGE_STANDARD = gnu17;
				GCC_NO_COMMON_BLOCKS = YES;
				GCC_WARN_64_TO_32_BIT_CONVERSION = YES;
				GCC_WARN_ABOUT_RETURN_TYPE = YES_ERROR;
				GCC_WARN_UNDECLARED_SELECTOR = YES;
				GCC_WARN_UNINITIALIZED_AUTOS = YES_AGGRESSIVE;
				GCC_WARN_UNUSED_FUNCTION = YES;
				GCC_WARN_UNUSED_VARIABLE = YES;
				IPHONEOS_DEPLOYMENT_TARGET = 17.4;
				LOCALIZATION_PREFERS_STRING_CATALOGS = YES;
				MTL_ENABLE_DEBUG_INFO = NO;
				MTL_FAST_MATH = YES;
				SDKROOT = iphoneos;
				SWIFT_COMPILATION_MODE = wholemodule;
				VALIDATE_PRODUCT = YES;
			};
			name = Release;
		};
		A94572842CA536A2006C38CD /* Debug */ = {
			isa = XCBuildConfiguration;
			buildSettings = {
				ASSETCATALOG_COMPILER_APPICON_NAME = AppIcon;
				ASSETCATALOG_COMPILER_GLOBAL_ACCENT_COLOR_NAME = AccentColor;
				CODE_SIGN_STYLE = Automatic;
				CURRENT_PROJECT_VERSION = 1;
				DEVELOPMENT_TEAM = 9PG63NVD7U;
				GENERATE_INFOPLIST_FILE = YES;
				INFOPLIST_FILE = "Milestone-Projects-13-15/Info.plist";
				INFOPLIST_KEY_UIApplicationSupportsIndirectInputEvents = YES;
				INFOPLIST_KEY_UILaunchStoryboardName = LaunchScreen;
				INFOPLIST_KEY_UIMainStoryboardFile = Main;
				INFOPLIST_KEY_UISupportedInterfaceOrientations_iPad = "UIInterfaceOrientationPortrait UIInterfaceOrientationPortraitUpsideDown UIInterfaceOrientationLandscapeLeft UIInterfaceOrientationLandscapeRight";
				INFOPLIST_KEY_UISupportedInterfaceOrientations_iPhone = "UIInterfaceOrientationPortrait UIInterfaceOrientationLandscapeLeft UIInterfaceOrientationLandscapeRight";
				LD_RUNPATH_SEARCH_PATHS = (
					"$(inherited)",
					"@executable_path/Frameworks",
				);
				MARKETING_VERSION = 1.0;
				PRODUCT_BUNDLE_IDENTIFIER = "com.meitarbass.Milestone-Projects-13-15";
				PRODUCT_NAME = "$(TARGET_NAME)";
				SWIFT_EMIT_LOC_STRINGS = YES;
				SWIFT_VERSION = 5.0;
				TARGETED_DEVICE_FAMILY = "1,2";
			};
			name = Debug;
		};
		A94572852CA536A2006C38CD /* Release */ = {
			isa = XCBuildConfiguration;
			buildSettings = {
				ASSETCATALOG_COMPILER_APPICON_NAME = AppIcon;
				ASSETCATALOG_COMPILER_GLOBAL_ACCENT_COLOR_NAME = AccentColor;
				CODE_SIGN_STYLE = Automatic;
				CURRENT_PROJECT_VERSION = 1;
				DEVELOPMENT_TEAM = 9PG63NVD7U;
				GENERATE_INFOPLIST_FILE = YES;
				INFOPLIST_FILE = "Milestone-Projects-13-15/Info.plist";
				INFOPLIST_KEY_UIApplicationSupportsIndirectInputEvents = YES;
				INFOPLIST_KEY_UILaunchStoryboardName = LaunchScreen;
				INFOPLIST_KEY_UIMainStoryboardFile = Main;
				INFOPLIST_KEY_UISupportedInterfaceOrientations_iPad = "UIInterfaceOrientationPortrait UIInterfaceOrientationPortraitUpsideDown UIInterfaceOrientationLandscapeLeft UIInterfaceOrientationLandscapeRight";
				INFOPLIST_KEY_UISupportedInterfaceOrientations_iPhone = "UIInterfaceOrientationPortrait UIInterfaceOrientationLandscapeLeft UIInterfaceOrientationLandscapeRight";
				LD_RUNPATH_SEARCH_PATHS = (
					"$(inherited)",
					"@executable_path/Frameworks",
				);
				MARKETING_VERSION = 1.0;
				PRODUCT_BUNDLE_IDENTIFIER = "com.meitarbass.Milestone-Projects-13-15";
				PRODUCT_NAME = "$(TARGET_NAME)";
				SWIFT_EMIT_LOC_STRINGS = YES;
				SWIFT_VERSION = 5.0;
				TARGETED_DEVICE_FAMILY = "1,2";
			};
			name = Release;
		};
/* End XCBuildConfiguration section */

/* Begin XCConfigurationList section */
		A945726A2CA536A1006C38CD /* Build configuration list for PBXProject "Milestone-Projects-13-15" */ = {
			isa = XCConfigurationList;
			buildConfigurations = (
				A94572812CA536A2006C38CD /* Debug */,
				A94572822CA536A2006C38CD /* Release */,
			);
			defaultConfigurationIsVisible = 0;
			defaultConfigurationName = Release;
		};
		A94572832CA536A2006C38CD /* Build configuration list for PBXNativeTarget "Milestone-Projects-13-15" */ = {
			isa = XCConfigurationList;
			buildConfigurations = (
				A94572842CA536A2006C38CD /* Debug */,
				A94572852CA536A2006C38CD /* Release */,
			);
			defaultConfigurationIsVisible = 0;
			defaultConfigurationName = Release;
		};
/* End XCConfigurationList section */
	};
	rootObject = A94572672CA536A1006C38CD /* Project object */;
}
